// !$*UTF8*$!
{
	archiveVersion = 1;
	classes = {
	};
	objectVersion = 46;
	objects = {

/* Begin PBXBuildFile section */
		7D3AE0711AA36D8B001EE74B /* QuoteDataStore.m in Sources */ = {isa = PBXBuildFile; fileRef = 7D3AE0701AA36D8B001EE74B /* QuoteDataStore.m */; };
		7D3AE0741AA3791E001EE74B /* MatchingTheQuotesGame.m in Sources */ = {isa = PBXBuildFile; fileRef = 7D3AE0731AA3791E001EE74B /* MatchingTheQuotesGame.m */; };
		7D3AE0771AA37DBB001EE74B /* Quotes.m in Sources */ = {isa = PBXBuildFile; fileRef = 7D3AE0761AA37DBB001EE74B /* Quotes.m */; };
		7D3AE07A1AA37DBC001EE74B /* Person.m in Sources */ = {isa = PBXBuildFile; fileRef = 7D3AE0791AA37DBC001EE74B /* Person.m */; };
		7D3AE07D1AA37F57001EE74B /* CreatePeople.m in Sources */ = {isa = PBXBuildFile; fileRef = 7D3AE07C1AA37F57001EE74B /* CreatePeople.m */; };
		7D3AE0801AA38051001EE74B /* Person+Methods.m in Sources */ = {isa = PBXBuildFile; fileRef = 7D3AE07F1AA38051001EE74B /* Person+Methods.m */; };
		7D42D5FA1A9FBF32002738E7 /* main.m in Sources */ = {isa = PBXBuildFile; fileRef = 7D42D5F91A9FBF32002738E7 /* main.m */; };
		7D42D5FD1A9FBF32002738E7 /* AppDelegate.m in Sources */ = {isa = PBXBuildFile; fileRef = 7D42D5FC1A9FBF32002738E7 /* AppDelegate.m */; };
		7D42D6001A9FBF32002738E7 /* QuoteMachine.xcdatamodeld in Sources */ = {isa = PBXBuildFile; fileRef = 7D42D5FE1A9FBF32002738E7 /* QuoteMachine.xcdatamodeld */; };
		7D42D6061A9FBF32002738E7 /* Main.storyboard in Resources */ = {isa = PBXBuildFile; fileRef = 7D42D6041A9FBF32002738E7 /* Main.storyboard */; };
		7D42D6081A9FBF32002738E7 /* Images.xcassets in Resources */ = {isa = PBXBuildFile; fileRef = 7D42D6071A9FBF32002738E7 /* Images.xcassets */; };
		7D42D60B1A9FBF32002738E7 /* LaunchScreen.xib in Resources */ = {isa = PBXBuildFile; fileRef = 7D42D6091A9FBF32002738E7 /* LaunchScreen.xib */; };
		7D42D6171A9FBF32002738E7 /* QuoteMachineTests.m in Sources */ = {isa = PBXBuildFile; fileRef = 7D42D6161A9FBF32002738E7 /* QuoteMachineTests.m */; };
		7D42D6221A9FC074002738E7 /* GameScreenViewController.m in Sources */ = {isa = PBXBuildFile; fileRef = 7D42D6211A9FC074002738E7 /* GameScreenViewController.m */; };
/* End PBXBuildFile section */

/* Begin PBXContainerItemProxy section */
		7D42D6111A9FBF32002738E7 /* PBXContainerItemProxy */ = {
			isa = PBXContainerItemProxy;
			containerPortal = 7D42D5EC1A9FBF32002738E7 /* Project object */;
			proxyType = 1;
			remoteGlobalIDString = 7D42D5F31A9FBF32002738E7;
			remoteInfo = QuoteMachine;
		};
/* End PBXContainerItemProxy section */

/* Begin PBXFileReference section */
		7D3AE06F1AA36D8B001EE74B /* QuoteDataStore.h */ = {isa = PBXFileReference; fileEncoding = 4; lastKnownFileType = sourcecode.c.h; path = QuoteDataStore.h; sourceTree = "<group>"; };
		7D3AE0701AA36D8B001EE74B /* QuoteDataStore.m */ = {isa = PBXFileReference; fileEncoding = 4; lastKnownFileType = sourcecode.c.objc; path = QuoteDataStore.m; sourceTree = "<group>"; };
		7D3AE0721AA3791E001EE74B /* MatchingTheQuotesGame.h */ = {isa = PBXFileReference; fileEncoding = 4; lastKnownFileType = sourcecode.c.h; path = MatchingTheQuotesGame.h; sourceTree = "<group>"; };
		7D3AE0731AA3791E001EE74B /* MatchingTheQuotesGame.m */ = {isa = PBXFileReference; fileEncoding = 4; lastKnownFileType = sourcecode.c.objc; path = MatchingTheQuotesGame.m; sourceTree = "<group>"; };
		7D3AE0751AA37DBB001EE74B /* Quotes.h */ = {isa = PBXFileReference; fileEncoding = 4; lastKnownFileType = sourcecode.c.h; path = Quotes.h; sourceTree = "<group>"; };
		7D3AE0761AA37DBB001EE74B /* Quotes.m */ = {isa = PBXFileReference; fileEncoding = 4; lastKnownFileType = sourcecode.c.objc; path = Quotes.m; sourceTree = "<group>"; };
		7D3AE0781AA37DBC001EE74B /* Person.h */ = {isa = PBXFileReference; fileEncoding = 4; lastKnownFileType = sourcecode.c.h; path = Person.h; sourceTree = "<group>"; };
		7D3AE0791AA37DBC001EE74B /* Person.m */ = {isa = PBXFileReference; fileEncoding = 4; lastKnownFileType = sourcecode.c.objc; path = Person.m; sourceTree = "<group>"; };
		7D3AE07B1AA37F57001EE74B /* CreatePeople.h */ = {isa = PBXFileReference; fileEncoding = 4; lastKnownFileType = sourcecode.c.h; path = CreatePeople.h; sourceTree = "<group>"; };
		7D3AE07C1AA37F57001EE74B /* CreatePeople.m */ = {isa = PBXFileReference; fileEncoding = 4; lastKnownFileType = sourcecode.c.objc; path = CreatePeople.m; sourceTree = "<group>"; };
		7D3AE07E1AA38051001EE74B /* Person+Methods.h */ = {isa = PBXFileReference; fileEncoding = 4; lastKnownFileType = sourcecode.c.h; path = "Person+Methods.h"; sourceTree = "<group>"; };
		7D3AE07F1AA38051001EE74B /* Person+Methods.m */ = {isa = PBXFileReference; fileEncoding = 4; lastKnownFileType = sourcecode.c.objc; path = "Person+Methods.m"; sourceTree = "<group>"; };
		7D42D5F41A9FBF32002738E7 /* QuoteMachine.app */ = {isa = PBXFileReference; explicitFileType = wrapper.application; includeInIndex = 0; path = QuoteMachine.app; sourceTree = BUILT_PRODUCTS_DIR; };
		7D42D5F81A9FBF32002738E7 /* Info.plist */ = {isa = PBXFileReference; lastKnownFileType = text.plist.xml; path = Info.plist; sourceTree = "<group>"; };
		7D42D5F91A9FBF32002738E7 /* main.m */ = {isa = PBXFileReference; lastKnownFileType = sourcecode.c.objc; path = main.m; sourceTree = "<group>"; };
		7D42D5FB1A9FBF32002738E7 /* AppDelegate.h */ = {isa = PBXFileReference; lastKnownFileType = sourcecode.c.h; path = AppDelegate.h; sourceTree = "<group>"; };
		7D42D5FC1A9FBF32002738E7 /* AppDelegate.m */ = {isa = PBXFileReference; lastKnownFileType = sourcecode.c.objc; path = AppDelegate.m; sourceTree = "<group>"; };
		7D42D5FF1A9FBF32002738E7 /* QuoteMachine.xcdatamodel */ = {isa = PBXFileReference; lastKnownFileType = wrapper.xcdatamodel; path = QuoteMachine.xcdatamodel; sourceTree = "<group>"; };
		7D42D6051A9FBF32002738E7 /* Base */ = {isa = PBXFileReference; lastKnownFileType = file.storyboard; name = Base; path = Base.lproj/Main.storyboard; sourceTree = "<group>"; };
		7D42D6071A9FBF32002738E7 /* Images.xcassets */ = {isa = PBXFileReference; lastKnownFileType = folder.assetcatalog; path = Images.xcassets; sourceTree = "<group>"; };
		7D42D60A1A9FBF32002738E7 /* Base */ = {isa = PBXFileReference; lastKnownFileType = file.xib; name = Base; path = Base.lproj/LaunchScreen.xib; sourceTree = "<group>"; };
		7D42D6101A9FBF32002738E7 /* QuoteMachineTests.xctest */ = {isa = PBXFileReference; explicitFileType = wrapper.cfbundle; includeInIndex = 0; path = QuoteMachineTests.xctest; sourceTree = BUILT_PRODUCTS_DIR; };
		7D42D6151A9FBF32002738E7 /* Info.plist */ = {isa = PBXFileReference; lastKnownFileType = text.plist.xml; path = Info.plist; sourceTree = "<group>"; };
		7D42D6161A9FBF32002738E7 /* QuoteMachineTests.m */ = {isa = PBXFileReference; lastKnownFileType = sourcecode.c.objc; path = QuoteMachineTests.m; sourceTree = "<group>"; };
		7D42D6201A9FC074002738E7 /* GameScreenViewController.h */ = {isa = PBXFileReference; fileEncoding = 4; lastKnownFileType = sourcecode.c.h; path = GameScreenViewController.h; sourceTree = "<group>"; };
		7D42D6211A9FC074002738E7 /* GameScreenViewController.m */ = {isa = PBXFileReference; fileEncoding = 4; lastKnownFileType = sourcecode.c.objc; path = GameScreenViewController.m; sourceTree = "<group>"; };
/* End PBXFileReference section */

/* Begin PBXFrameworksBuildPhase section */
		7D42D5F11A9FBF32002738E7 /* Frameworks */ = {
			isa = PBXFrameworksBuildPhase;
			buildActionMask = 2147483647;
			files = (
			);
			runOnlyForDeploymentPostprocessing = 0;
		};
		7D42D60D1A9FBF32002738E7 /* Frameworks */ = {
			isa = PBXFrameworksBuildPhase;
			buildActionMask = 2147483647;
			files = (
			);
			runOnlyForDeploymentPostprocessing = 0;
		};
/* End PBXFrameworksBuildPhase section */

/* Begin PBXGroup section */
		7D42D5EB1A9FBF32002738E7 = {
			isa = PBXGroup;
			children = (
				7D42D5F61A9FBF32002738E7 /* QuoteMachine */,
				7D42D6131A9FBF32002738E7 /* QuoteMachineTests */,
				7D42D5F51A9FBF32002738E7 /* Products */,
			);
			sourceTree = "<group>";
		};
		7D42D5F51A9FBF32002738E7 /* Products */ = {
			isa = PBXGroup;
			children = (
				7D42D5F41A9FBF32002738E7 /* QuoteMachine.app */,
				7D42D6101A9FBF32002738E7 /* QuoteMachineTests.xctest */,
			);
			name = Products;
			sourceTree = "<group>";
		};
		7D42D5F61A9FBF32002738E7 /* QuoteMachine */ = {
			isa = PBXGroup;
			children = (
				7D3AE0781AA37DBC001EE74B /* Person.h */,
				7D3AE0791AA37DBC001EE74B /* Person.m */,
				7D3AE07E1AA38051001EE74B /* Person+Methods.h */,
				7D3AE07F1AA38051001EE74B /* Person+Methods.m */,
				7D3AE0751AA37DBB001EE74B /* Quotes.h */,
				7D3AE0761AA37DBB001EE74B /* Quotes.m */,
				7D3AE0721AA3791E001EE74B /* MatchingTheQuotesGame.h */,
				7D3AE0731AA3791E001EE74B /* MatchingTheQuotesGame.m */,
				7D42D5FB1A9FBF32002738E7 /* AppDelegate.h */,
				7D42D5FC1A9FBF32002738E7 /* AppDelegate.m */,
				7D3AE06F1AA36D8B001EE74B /* QuoteDataStore.h */,
				7D3AE0701AA36D8B001EE74B /* QuoteDataStore.m */,
				7D42D6201A9FC074002738E7 /* GameScreenViewController.h */,
				7D42D6211A9FC074002738E7 /* GameScreenViewController.m */,
				7D3AE07B1AA37F57001EE74B /* CreatePeople.h */,
				7D3AE07C1AA37F57001EE74B /* CreatePeople.m */,
				7D42D6041A9FBF32002738E7 /* Main.storyboard */,
				7D42D6091A9FBF32002738E7 /* LaunchScreen.xib */,
				7D42D5F71A9FBF32002738E7 /* Supporting Files */,
			);
			path = QuoteMachine;
			sourceTree = "<group>";
		};
		7D42D5F71A9FBF32002738E7 /* Supporting Files */ = {
			isa = PBXGroup;
			children = (
				7D42D6071A9FBF32002738E7 /* Images.xcassets */,
				7D42D5FE1A9FBF32002738E7 /* QuoteMachine.xcdatamodeld */,
				7D42D5F81A9FBF32002738E7 /* Info.plist */,
				7D42D5F91A9FBF32002738E7 /* main.m */,
			);
			name = "Supporting Files";
			sourceTree = "<group>";
		};
		7D42D6131A9FBF32002738E7 /* QuoteMachineTests */ = {
			isa = PBXGroup;
			children = (
				7D42D6161A9FBF32002738E7 /* QuoteMachineTests.m */,
				7D42D6141A9FBF32002738E7 /* Supporting Files */,
			);
			path = QuoteMachineTests;
			sourceTree = "<group>";
		};
		7D42D6141A9FBF32002738E7 /* Supporting Files */ = {
			isa = PBXGroup;
			children = (
				7D42D6151A9FBF32002738E7 /* Info.plist */,
			);
			name = "Supporting Files";
			sourceTree = "<group>";
		};
/* End PBXGroup section */

/* Begin PBXNativeTarget section */
		7D42D5F31A9FBF32002738E7 /* QuoteMachine */ = {
			isa = PBXNativeTarget;
			buildConfigurationList = 7D42D61A1A9FBF32002738E7 /* Build configuration list for PBXNativeTarget "QuoteMachine" */;
			buildPhases = (
				7D42D5F01A9FBF32002738E7 /* Sources */,
				7D42D5F11A9FBF32002738E7 /* Frameworks */,
				7D42D5F21A9FBF32002738E7 /* Resources */,
			);
			buildRules = (
			);
			dependencies = (
			);
			name = QuoteMachine;
			productName = QuoteMachine;
			productReference = 7D42D5F41A9FBF32002738E7 /* QuoteMachine.app */;
			productType = "com.apple.product-type.application";
		};
		7D42D60F1A9FBF32002738E7 /* QuoteMachineTests */ = {
			isa = PBXNativeTarget;
			buildConfigurationList = 7D42D61D1A9FBF32002738E7 /* Build configuration list for PBXNativeTarget "QuoteMachineTests" */;
			buildPhases = (
				7D42D60C1A9FBF32002738E7 /* Sources */,
				7D42D60D1A9FBF32002738E7 /* Frameworks */,
				7D42D60E1A9FBF32002738E7 /* Resources */,
			);
			buildRules = (
			);
			dependencies = (
				7D42D6121A9FBF32002738E7 /* PBXTargetDependency */,
			);
			name = QuoteMachineTests;
			productName = QuoteMachineTests;
			productReference = 7D42D6101A9FBF32002738E7 /* QuoteMachineTests.xctest */;
			productType = "com.apple.product-type.bundle.unit-test";
		};
/* End PBXNativeTarget section */

/* Begin PBXProject section */
		7D42D5EC1A9FBF32002738E7 /* Project object */ = {
			isa = PBXProject;
			attributes = {
				LastUpgradeCheck = 0610;
				ORGANIZATIONNAME = "Jim Campagno";
				TargetAttributes = {
					7D42D5F31A9FBF32002738E7 = {
						CreatedOnToolsVersion = 6.1.1;
					};
					7D42D60F1A9FBF32002738E7 = {
						CreatedOnToolsVersion = 6.1.1;
						TestTargetID = 7D42D5F31A9FBF32002738E7;
					};
				};
			};
			buildConfigurationList = 7D42D5EF1A9FBF32002738E7 /* Build configuration list for PBXProject "QuoteMachine" */;
			compatibilityVersion = "Xcode 3.2";
			developmentRegion = English;
			hasScannedForEncodings = 0;
			knownRegions = (
				en,
				Base,
			);
			mainGroup = 7D42D5EB1A9FBF32002738E7;
			productRefGroup = 7D42D5F51A9FBF32002738E7 /* Products */;
			projectDirPath = "";
			projectRoot = "";
			targets = (
				7D42D5F31A9FBF32002738E7 /* QuoteMachine */,
				7D42D60F1A9FBF32002738E7 /* QuoteMachineTests */,
			);
		};
/* End PBXProject section */

/* Begin PBXResourcesBuildPhase section */
		7D42D5F21A9FBF32002738E7 /* Resources */ = {
			isa = PBXResourcesBuildPhase;
			buildActionMask = 2147483647;
			files = (
				7D42D6061A9FBF32002738E7 /* Main.storyboard in Resources */,
				7D42D60B1A9FBF32002738E7 /* LaunchScreen.xib in Resources */,
				7D42D6081A9FBF32002738E7 /* Images.xcassets in Resources */,
			);
			runOnlyForDeploymentPostprocessing = 0;
		};
		7D42D60E1A9FBF32002738E7 /* Resources */ = {
			isa = PBXResourcesBuildPhase;
			buildActionMask = 2147483647;
			files = (
			);
			runOnlyForDeploymentPostprocessing = 0;
		};
/* End PBXResourcesBuildPhase section */

/* Begin PBXSourcesBuildPhase section */
		7D42D5F01A9FBF32002738E7 /* Sources */ = {
			isa = PBXSourcesBuildPhase;
			buildActionMask = 2147483647;
			files = (
				7D3AE0711AA36D8B001EE74B /* QuoteDataStore.m in Sources */,
				7D3AE0741AA3791E001EE74B /* MatchingTheQuotesGame.m in Sources */,
				7D3AE07A1AA37DBC001EE74B /* Person.m in Sources */,
				7D3AE0801AA38051001EE74B /* Person+Methods.m in Sources */,
				7D42D5FD1A9FBF32002738E7 /* AppDelegate.m in Sources */,
				7D42D5FA1A9FBF32002738E7 /* main.m in Sources */,
				7D42D6221A9FC074002738E7 /* GameScreenViewController.m in Sources */,
				7D3AE0771AA37DBB001EE74B /* Quotes.m in Sources */,
				7D3AE07D1AA37F57001EE74B /* CreatePeople.m in Sources */,
				7D42D6001A9FBF32002738E7 /* QuoteMachine.xcdatamodeld in Sources */,
			);
			runOnlyForDeploymentPostprocessing = 0;
		};
		7D42D60C1A9FBF32002738E7 /* Sources */ = {
			isa = PBXSourcesBuildPhase;
			buildActionMask = 2147483647;
			files = (
				7D42D6171A9FBF32002738E7 /* QuoteMachineTests.m in Sources */,
			);
			runOnlyForDeploymentPostprocessing = 0;
		};
/* End PBXSourcesBuildPhase section */

/* Begin PBXTargetDependency section */
		7D42D6121A9FBF32002738E7 /* PBXTargetDependency */ = {
			isa = PBXTargetDependency;
			target = 7D42D5F31A9FBF32002738E7 /* QuoteMachine */;
			targetProxy = 7D42D6111A9FBF32002738E7 /* PBXContainerItemProxy */;
		};
/* End PBXTargetDependency section */

/* Begin PBXVariantGroup section */
		7D42D6041A9FBF32002738E7 /* Main.storyboard */ = {
			isa = PBXVariantGroup;
			children = (
				7D42D6051A9FBF32002738E7 /* Base */,
			);
			name = Main.storyboard;
			sourceTree = "<group>";
		};
		7D42D6091A9FBF32002738E7 /* LaunchScreen.xib */ = {
			isa = PBXVariantGroup;
			children = (
				7D42D60A1A9FBF32002738E7 /* Base */,
			);
			name = LaunchScreen.xib;
			sourceTree = "<group>";
		};
/* End PBXVariantGroup section */

/* Begin XCBuildConfiguration section */
		7D42D6181A9FBF32002738E7 /* Debug */ = {
			isa = XCBuildConfiguration;
			buildSettings = {
				ALWAYS_SEARCH_USER_PATHS = NO;
				CLANG_CXX_LANGUAGE_STANDARD = "gnu++0x";
				CLANG_CXX_LIBRARY = "libc++";
				CLANG_ENABLE_MODULES = YES;
				CLANG_ENABLE_OBJC_ARC = YES;
				CLANG_WARN_BOOL_CONVERSION = YES;
				CLANG_WARN_CONSTANT_CONVERSION = YES;
				CLANG_WARN_DIRECT_OBJC_ISA_USAGE = YES_ERROR;
				CLANG_WARN_EMPTY_BODY = YES;
				CLANG_WARN_ENUM_CONVERSION = YES;
				CLANG_WARN_INT_CONVERSION = YES;
				CLANG_WARN_OBJC_ROOT_CLASS = YES_ERROR;
				CLANG_WARN_UNREACHABLE_CODE = YES;
				CLANG_WARN__DUPLICATE_METHOD_MATCH = YES;
				"CODE_SIGN_IDENTITY[sdk=iphoneos*]" = "iPhone Developer";
				COPY_PHASE_STRIP = NO;
				ENABLE_STRICT_OBJC_MSGSEND = YES;
				GCC_C_LANGUAGE_STANDARD = gnu99;
				GCC_DYNAMIC_NO_PIC = NO;
				GCC_OPTIMIZATION_LEVEL = 0;
				GCC_PREPROCESSOR_DEFINITIONS = (
					"DEBUG=1",
					"$(inherited)",
				);
				GCC_SYMBOLS_PRIVATE_EXTERN = NO;
				GCC_WARN_64_TO_32_BIT_CONVERSION = YES;
				GCC_WARN_ABOUT_RETURN_TYPE = YES_ERROR;
				GCC_WARN_UNDECLARED_SELECTOR = YES;
				GCC_WARN_UNINITIALIZED_AUTOS = YES_AGGRESSIVE;
				GCC_WARN_UNUSED_FUNCTION = YES;
				GCC_WARN_UNUSED_VARIABLE = YES;
				IPHONEOS_DEPLOYMENT_TARGET = 8.1;
				MTL_ENABLE_DEBUG_INFO = YES;
				ONLY_ACTIVE_ARCH = YES;
				SDKROOT = iphoneos;
			};
			name = Debug;
		};
		7D42D6191A9FBF32002738E7 /* Release */ = {
			isa = XCBuildConfiguration;
			buildSettings = {
				ALWAYS_SEARCH_USER_PATHS = NO;
				CLANG_CXX_LANGUAGE_STANDARD = "gnu++0x";
				CLANG_CXX_LIBRARY = "libc++";
				CLANG_ENABLE_MODULES = YES;
				CLANG_ENABLE_OBJC_ARC = YES;
				CLANG_WARN_BOOL_CONVERSION = YES;
				CLANG_WARN_CONSTANT_CONVERSION = YES;
				CLANG_WARN_DIRECT_OBJC_ISA_USAGE = YES_ERROR;
				CLANG_WARN_EMPTY_BODY = YES;
				CLANG_WARN_ENUM_CONVERSION = YES;
				CLANG_WARN_INT_CONVERSION = YES;
				CLANG_WARN_OBJC_ROOT_CLASS = YES_ERROR;
				CLANG_WARN_UNREACHABLE_CODE = YES;
				CLANG_WARN__DUPLICATE_METHOD_MATCH = YES;
				"CODE_SIGN_IDENTITY[sdk=iphoneos*]" = "iPhone Developer";
				COPY_PHASE_STRIP = YES;
				ENABLE_NS_ASSERTIONS = NO;
				ENABLE_STRICT_OBJC_MSGSEND = YES;
				GCC_C_LANGUAGE_STANDARD = gnu99;
				GCC_WARN_64_TO_32_BIT_CONVERSION = YES;
				GCC_WARN_ABOUT_RETURN_TYPE = YES_ERROR;
				GCC_WARN_UNDECLARED_SELECTOR = YES;
				GCC_WARN_UNINITIALIZED_AUTOS = YES_AGGRESSIVE;
				GCC_WARN_UNUSED_FUNCTION = YES;
				GCC_WARN_UNUSED_VARIABLE = YES;
				IPHONEOS_DEPLOYMENT_TARGET = 8.1;
				MTL_ENABLE_DEBUG_INFO = NO;
				SDKROOT = iphoneos;
				VALIDATE_PRODUCT = YES;
			};
			name = Release;
		};
		7D42D61B1A9FBF32002738E7 /* Debug */ = {
			isa = XCBuildConfiguration;
			buildSettings = {
				ASSETCATALOG_COMPILER_APPICON_NAME = AppIcon;
				INFOPLIST_FILE = QuoteMachine/Info.plist;
				LD_RUNPATH_SEARCH_PATHS = "$(inherited) @executable_path/Frameworks";
				PRODUCT_NAME = "$(TARGET_NAME)";
			};
			name = Debug;
		};
		7D42D61C1A9FBF32002738E7 /* Release */ = {
			isa = XCBuildConfiguration;
			buildSettings = {
				ASSETCATALOG_COMPILER_APPICON_NAME = AppIcon;
				INFOPLIST_FILE = QuoteMachine/Info.plist;
				LD_RUNPATH_SEARCH_PATHS = "$(inherited) @executable_path/Frameworks";
				PRODUCT_NAME = "$(TARGET_NAME)";
			};
			name = Release;
		};
		7D42D61E1A9FBF32002738E7 /* Debug */ = {
			isa = XCBuildConfiguration;
			buildSettings = {
				BUNDLE_LOADER = "$(TEST_HOST)";
				FRAMEWORK_SEARCH_PATHS = (
					"$(SDKROOT)/Developer/Library/Frameworks",
					"$(inherited)",
				);
				GCC_PREPROCESSOR_DEFINITIONS = (
					"DEBUG=1",
					"$(inherited)",
				);
				INFOPLIST_FILE = QuoteMachineTests/Info.plist;
				LD_RUNPATH_SEARCH_PATHS = "$(inherited) @executable_path/Frameworks @loader_path/Frameworks";
				PRODUCT_NAME = "$(TARGET_NAME)";
				TEST_HOST = "$(BUILT_PRODUCTS_DIR)/QuoteMachine.app/QuoteMachine";
			};
			name = Debug;
		};
		7D42D61F1A9FBF32002738E7 /* Release */ = {
			isa = XCBuildConfiguration;
			buildSettings = {
				BUNDLE_LOADER = "$(TEST_HOST)";
				FRAMEWORK_SEARCH_PATHS = (
					"$(SDKROOT)/Developer/Library/Frameworks",
					"$(inherited)",
				);
				INFOPLIST_FILE = QuoteMachineTests/Info.plist;
				LD_RUNPATH_SEARCH_PATHS = "$(inherited) @executable_path/Frameworks @loader_path/Frameworks";
				PRODUCT_NAME = "$(TARGET_NAME)";
				TEST_HOST = "$(BUILT_PRODUCTS_DIR)/QuoteMachine.app/QuoteMachine";
			};
			name = Release;
		};
/* End XCBuildConfiguration section */

/* Begin XCConfigurationList section */
		7D42D5EF1A9FBF32002738E7 /* Build configuration list for PBXProject "QuoteMachine" */ = {
			isa = XCConfigurationList;
			buildConfigurations = (
				7D42D6181A9FBF32002738E7 /* Debug */,
				7D42D6191A9FBF32002738E7 /* Release */,
			);
			defaultConfigurationIsVisible = 0;
			defaultConfigurationName = Release;
		};
		7D42D61A1A9FBF32002738E7 /* Build configuration list for PBXNativeTarget "QuoteMachine" */ = {
			isa = XCConfigurationList;
			buildConfigurations = (
				7D42D61B1A9FBF32002738E7 /* Debug */,
				7D42D61C1A9FBF32002738E7 /* Release */,
			);
			defaultConfigurationIsVisible = 0;
			defaultConfigurationName = Release;
		};
		7D42D61D1A9FBF32002738E7 /* Build configuration list for PBXNativeTarget "QuoteMachineTests" */ = {
			isa = XCConfigurationList;
			buildConfigurations = (
				7D42D61E1A9FBF32002738E7 /* Debug */,
				7D42D61F1A9FBF32002738E7 /* Release */,
			);
			defaultConfigurationIsVisible = 0;
			defaultConfigurationName = Release;
		};
/* End XCConfigurationList section */

/* Begin XCVersionGroup section */
		7D42D5FE1A9FBF32002738E7 /* QuoteMachine.xcdatamodeld */ = {
			isa = XCVersionGroup;
			children = (
				7D42D5FF1A9FBF32002738E7 /* QuoteMachine.xcdatamodel */,
			);
			currentVersion = 7D42D5FF1A9FBF32002738E7 /* QuoteMachine.xcdatamodel */;
			path = QuoteMachine.xcdatamodeld;
			sourceTree = "<group>";
			versionGroupType = wrapper.xcdatamodel;
		};
/* End XCVersionGroup section */
	};
	rootObject = 7D42D5EC1A9FBF32002738E7 /* Project object */;
}
